// !$*UTF8*$!
{
	archiveVersion = 1;
	classes = {
	};
	objectVersion = 46;
	objects = {

/* Begin PBXBuildFile section */
		D93094DE1E6C29C700A2E647 /* AppDelegate.swift in Sources */ = {isa = PBXBuildFile; fileRef = D93094DD1E6C29C700A2E647 /* AppDelegate.swift */; };
		D93094E01E6C29C700A2E647 /* ViewController.swift in Sources */ = {isa = PBXBuildFile; fileRef = D93094DF1E6C29C700A2E647 /* ViewController.swift */; };
		D93094E31E6C29C700A2E647 /* Main.storyboard in Resources */ = {isa = PBXBuildFile; fileRef = D93094E11E6C29C700A2E647 /* Main.storyboard */; };
		D93094E51E6C29C700A2E647 /* Assets.xcassets in Resources */ = {isa = PBXBuildFile; fileRef = D93094E41E6C29C700A2E647 /* Assets.xcassets */; };
		D93094E81E6C29C700A2E647 /* LaunchScreen.storyboard in Resources */ = {isa = PBXBuildFile; fileRef = D93094E61E6C29C700A2E647 /* LaunchScreen.storyboard */; };
/* End PBXBuildFile section */

/* Begin PBXFileReference section */
		D93094DA1E6C29C700A2E647 /* ScrollviewExample.app */ = {isa = PBXFileReference; explicitFileType = wrapper.application; includeInIndex = 0; path = ScrollviewExample.app; sourceTree = BUILT_PRODUCTS_DIR; };
		D93094DD1E6C29C700A2E647 /* AppDelegate.swift */ = {isa = PBXFileReference; lastKnownFileType = sourcecode.swift; path = AppDelegate.swift; sourceTree = "<group>"; };
		D93094DF1E6C29C700A2E647 /* ViewController.swift */ = {isa = PBXFileReference; lastKnownFileType = sourcecode.swift; path = ViewController.swift; sourceTree = "<group>"; };
		D93094E21E6C29C700A2E647 /* Base */ = {isa = PBXFileReference; lastKnownFileType = file.storyboard; name = Base; path = Base.lproj/Main.storyboard; sourceTree = "<group>"; };
		D93094E41E6C29C700A2E647 /* Assets.xcassets */ = {isa = PBXFileReference; lastKnownFileType = folder.assetcatalog; path = Assets.xcassets; sourceTree = "<group>"; };
		D93094E71E6C29C700A2E647 /* Base */ = {isa = PBXFileReference; lastKnownFileType = file.storyboard; name = Base; path = Base.lproj/LaunchScreen.storyboard; sourceTree = "<group>"; };
		D93094E91E6C29C700A2E647 /* Info.plist */ = {isa = PBXFileReference; lastKnownFileType = text.plist.xml; path = Info.plist; sourceTree = "<group>"; };
/* End PBXFileReference section */

/* Begin PBXFrameworksBuildPhase section */
		D93094D71E6C29C700A2E647 /* Frameworks */ = {
			isa = PBXFrameworksBuildPhase;
			buildActionMask = 2147483647;
			files = (
			);
			runOnlyForDeploymentPostprocessing = 0;
		};
/* End PBXFrameworksBuildPhase section */

/* Begin PBXGroup section */
		D93094D11E6C29C600A2E647 = {
			isa = PBXGroup;
			children = (
				D93094DC1E6C29C700A2E647 /* ScrollviewExample */,
				D93094DB1E6C29C700A2E647 /* Products */,
			);
			sourceTree = "<group>";
		};
		D93094DB1E6C29C700A2E647 /* Products */ = {
			isa = PBXGroup;
			children = (
				D93094DA1E6C29C700A2E647 /* ScrollviewExample.app */,
			);
			name = Products;
			sourceTree = "<group>";
		};
		D93094DC1E6C29C700A2E647 /* ScrollviewExample */ = {
			isa = PBXGroup;
			children = (
				D93094DF1E6C29C700A2E647 /* ViewController.swift */,
				D93094E11E6C29C700A2E647 /* Main.storyboard */,
				D93094EF1E6C2A2E00A2E647 /* Extra files */,
			);
			path = ScrollviewExample;
			sourceTree = "<group>";
		};
		D93094EF1E6C2A2E00A2E647 /* Extra files */ = {
			isa = PBXGroup;
			children = (
				D93094DD1E6C29C700A2E647 /* AppDelegate.swift */,
				D93094E41E6C29C700A2E647 /* Assets.xcassets */,
				D93094E61E6C29C700A2E647 /* LaunchScreen.storyboard */,
				D93094E91E6C29C700A2E647 /* Info.plist */,
			);
			name = "Extra files";
			sourceTree = "<group>";
		};
/* End PBXGroup section */

/* Begin PBXNativeTarget section */
		D93094D91E6C29C700A2E647 /* ScrollviewExample */ = {
			isa = PBXNativeTarget;
			buildConfigurationList = D93094EC1E6C29C700A2E647 /* Build configuration list for PBXNativeTarget "ScrollviewExample" */;
			buildPhases = (
				D93094D61E6C29C700A2E647 /* Sources */,
				D93094D71E6C29C700A2E647 /* Frameworks */,
				D93094D81E6C29C700A2E647 /* Resources */,
			);
			buildRules = (
			);
			dependencies = (
			);
			name = ScrollviewExample;
			productName = ScrollviewExample;
			productReference = D93094DA1E6C29C700A2E647 /* ScrollviewExample.app */;
			productType = "com.apple.product-type.application";
		};
/* End PBXNativeTarget section */

/* Begin PBXProject section */
		D93094D21E6C29C600A2E647 /* Project object */ = {
			isa = PBXProject;
			attributes = {
				LastSwiftUpdateCheck = 0820;
				LastUpgradeCheck = 0820;
				ORGANIZATIONNAME = Kremlev;
				TargetAttributes = {
					D93094D91E6C29C700A2E647 = {
						CreatedOnToolsVersion = 8.2.1;
						ProvisioningStyle = Automatic;
					};
				};
			};
			buildConfigurationList = D93094D51E6C29C600A2E647 /* Build configuration list for PBXProject "ScrollviewExample" */;
			compatibilityVersion = "Xcode 3.2";
			developmentRegion = English;
			hasScannedForEncodings = 0;
			knownRegions = (
				en,
				Base,
			);
			mainGroup = D93094D11E6C29C600A2E647;
			productRefGroup = D93094DB1E6C29C700A2E647 /* Products */;
			projectDirPath = "";
			projectRoot = "";
			targets = (
				D93094D91E6C29C700A2E647 /* ScrollviewExample */,
			);
		};
/* End PBXProject section */

/* Begin PBXResourcesBuildPhase section */
		D93094D81E6C29C700A2E647 /* Resources */ = {
			isa = PBXResourcesBuildPhase;
			buildActionMask = 2147483647;
			files = (
				D93094E81E6C29C700A2E647 /* LaunchScreen.storyboard in Resources */,
				D93094E51E6C29C700A2E647 /* Assets.xcassets in Resources */,
				D93094E31E6C29C700A2E647 /* Main.storyboard in Resources */,
			);
			runOnlyForDeploymentPostprocessing = 0;
		};
/* End PBXResourcesBuildPhase section */

/* Begin PBXSourcesBuildPhase section */
		D93094D61E6C29C700A2E647 /* Sources */ = {
			isa = PBXSourcesBuildPhase;
			buildActionMask = 2147483647;
			files = (
				D93094E01E6C29C700A2E647 /* ViewController.swift in Sources */,
				D93094DE1E6C29C700A2E647 /* AppDelegate.swift in Sources */,
			);
			runOnlyForDeploymentPostprocessing = 0;
		};
/* End PBXSourcesBuildPhase section */

/* Begin PBXVariantGroup section */
		D93094E11E6C29C700A2E647 /* Main.storyboard */ = {
			isa = PBXVariantGroup;
			children = (
				D93094E21E6C29C700A2E647 /* Base */,
			);
			name = Main.storyboard;
			sourceTree = "<group>";
		};
		D93094E61E6C29C700A2E647 /* LaunchScreen.storyboard */ = {
			isa = PBXVariantGroup;
			children = (
				D93094E71E6C29C700A2E647 /* Base */,
			);
			name = LaunchScreen.storyboard;
			sourceTree = "<group>";
		};
/* End PBXVariantGroup section */

/* Begin XCBuildConfiguration section */
		D93094EA1E6C29C700A2E647 /* Debug */ = {
			isa = XCBuildConfiguration;
			buildSettings = {
				ALWAYS_SEARCH_USER_PATHS = NO;
				CLANG_ANALYZER_NONNULL = YES;
				CLANG_CXX_LANGUAGE_STANDARD = "gnu++0x";
				CLANG_CXX_LIBRARY = "libc++";
				CLANG_ENABLE_MODULES = YES;
				CLANG_ENABLE_OBJC_ARC = YES;
				CLANG_WARN_BOOL_CONVERSION = YES;
				CLANG_WARN_CONSTANT_CONVERSION = YES;
				CLANG_WARN_DIRECT_OBJC_ISA_USAGE = YES_ERROR;
				CLANG_WARN_DOCUMENTATION_COMMENTS = YES;
				CLANG_WARN_EMPTY_BODY = YES;
				CLANG_WARN_ENUM_CONVERSION = YES;
				CLANG_WARN_INFINITE_RECURSION = YES;
				CLANG_WARN_INT_CONVERSION = YES;
				CLANG_WARN_OBJC_ROOT_CLASS = YES_ERROR;
				CLANG_WARN_SUSPICIOUS_MOVE = YES;
				CLANG_WARN_UNREACHABLE_CODE = YES;
				CLANG_WARN__DUPLICATE_METHOD_MATCH = YES;
				"CODE_SIGN_IDENTITY[sdk=iphoneos*]" = "iPhone Developer";
				COPY_PHASE_STRIP = NO;
				DEBUG_INFORMATION_FORMAT = dwarf;
				ENABLE_STRICT_OBJC_MSGSEND = YES;
				ENABLE_TESTABILITY = YES;
				GCC_C_LANGUAGE_STANDARD = gnu99;
				GCC_DYNAMIC_NO_PIC = NO;
				GCC_NO_COMMON_BLOCKS = YES;
				GCC_OPTIMIZATION_LEVEL = 0;
				GCC_PREPROCESSOR_DEFINITIONS = (
					"DEBUG=1",
					"$(inherited)",
				);
				GCC_WARN_64_TO_32_BIT_CONVERSION = YES;
				GCC_WARN_ABOUT_RETURN_TYPE = YES_ERROR;
				GCC_WARN_UNDECLARED_SELECTOR = YES;
				GCC_WARN_UNINITIALIZED_AUTOS = YES_AGGRESSIVE;
				GCC_WARN_UNUSED_FUNCTION = YES;
				GCC_WARN_UNUSED_VARIABLE = YES;
				IPHONEOS_DEPLOYMENT_TARGET = 10.2;
				MTL_ENABLE_DEBUG_INFO = YES;
				ONLY_ACTIVE_ARCH = YES;
				SDKROOT = iphoneos;
				SWIFT_ACTIVE_COMPILATION_CONDITIONS = DEBUG;
				SWIFT_OPTIMIZATION_LEVEL = "-Onone";
				TARGETED_DEVICE_FAMILY = "1,2";
			};
			name = Debug;
		};
		D93094EB1E6C29C700A2E647 /* Release */ = {
			isa = XCBuildConfiguration;
			buildSettings = {
				ALWAYS_SEARCH_USER_PATHS = NO;
				CLANG_ANALYZER_NONNULL = YES;
				CLANG_CXX_LANGUAGE_STANDARD = "gnu++0x";
				CLANG_CXX_LIBRARY = "libc++";
				CLANG_ENABLE_MODULES = YES;
				CLANG_ENABLE_OBJC_ARC = YES;
				CLANG_WARN_BOOL_CONVERSION = YES;
				CLANG_WARN_CONSTANT_CONVERSION = YES;
				CLANG_WARN_DIRECT_OBJC_ISA_USAGE = YES_ERROR;
				CLANG_WARN_DOCUMENTATION_COMMENTS = YES;
				CLANG_WARN_EMPTY_BODY = YES;
				CLANG_WARN_ENUM_CONVERSION = YES;
				CLANG_WARN_INFINITE_RECURSION = YES;
				CLANG_WARN_INT_CONVERSION = YES;
				CLANG_WARN_OBJC_ROOT_CLASS = YES_ERROR;
				CLANG_WARN_SUSPICIOUS_MOVE = YES;
				CLANG_WARN_UNREACHABLE_CODE = YES;
				CLANG_WARN__DUPLICATE_METHOD_MATCH = YES;
				"CODE_SIGN_IDENTITY[sdk=iphoneos*]" = "iPhone Developer";
				COPY_PHASE_STRIP = NO;
				DEBUG_INFORMATION_FORMAT = "dwarf-with-dsym";
				ENABLE_NS_ASSERTIONS = NO;
				ENABLE_STRICT_OBJC_MSGSEND = YES;
				GCC_C_LANGUAGE_STANDARD = gnu99;
				GCC_NO_COMMON_BLOCKS = YES;
				GCC_WARN_64_TO_32_BIT_CONVERSION = YES;
				GCC_WARN_ABOUT_RETURN_TYPE = YES_ERROR;
				GCC_WARN_UNDECLARED_SELECTOR = YES;
				GCC_WARN_UNINITIALIZED_AUTOS = YES_AGGRESSIVE;
				GCC_WARN_UNUSED_FUNCTION = YES;
				GCC_WARN_UNUSED_VARIABLE = YES;
				IPHONEOS_DEPLOYMENT_TARGET = 10.2;
				MTL_ENABLE_DEBUG_INFO = NO;
				SDKROOT = iphoneos;
				SWIFT_OPTIMIZATION_LEVEL = "-Owholemodule";
				TARGETED_DEVICE_FAMILY = "1,2";
				VALIDATE_PRODUCT = YES;
			};
			name = Release;
		};
		D93094ED1E6C29C700A2E647 /* Debug */ = {
			isa = XCBuildConfiguration;
			buildSettings = {
				ASSETCATALOG_COMPILER_APPICON_NAME = AppIcon;
				INFOPLIST_FILE = ScrollviewExample/Info.plist;
				LD_RUNPATH_SEARCH_PATHS = "$(inherited) @executable_path/Frameworks";
				PRODUCT_BUNDLE_IDENTIFIER = kremlevmax.ScrollviewExample;
				PRODUCT_NAME = "$(TARGET_NAME)";
				SWIFT_VERSION = 3.0;
			};
			name = Debug;
		};
		D93094EE1E6C29C700A2E647 /* Release */ = {
			isa = XCBuildConfiguration;
			buildSettings = {
				ASSETCATALOG_COMPILER_APPICON_NAME = AppIcon;
				INFOPLIST_FILE = ScrollviewExample/Info.plist;
				LD_RUNPATH_SEARCH_PATHS = "$(inherited) @executable_path/Frameworks";
				PRODUCT_BUNDLE_IDENTIFIER = kremlevmax.ScrollviewExample;
				PRODUCT_NAME = "$(TARGET_NAME)";
				SWIFT_VERSION = 3.0;
			};
			name = Release;
		};
/* End XCBuildConfiguration section */

/* Begin XCConfigurationList section */
		D93094D51E6C29C600A2E647 /* Build configuration list for PBXProject "ScrollviewExample" */ = {
			isa = XCConfigurationList;
			buildConfigurations = (
				D93094EA1E6C29C700A2E647 /* Debug */,
				D93094EB1E6C29C700A2E647 /* Release */,
			);
			defaultConfigurationIsVisible = 0;
			defaultConfigurationName = Release;
		};
		D93094EC1E6C29C700A2E647 /* Build configuration list for PBXNativeTarget "ScrollviewExample" */ = {
			isa = XCConfigurationList;
			buildConfigurations = (
				D93094ED1E6C29C700A2E647 /* Debug */,
				D93094EE1E6C29C700A2E647 /* Release */,
			);
			defaultConfigurationIsVisible = 0;
		};
/* End XCConfigurationList section */
	};
	rootObject = D93094D21E6C29C600A2E647 /* Project object */;
}
